[[package]]
name = "protobuf"
version = "4.23.3"
description = ""
category = "main"
optional = false
python-versions = ">=3.7"

[[package]]
name = "types-protobuf"
version = "3.20.4.6"
description = "Typing stubs for protobuf"
category = "main"
optional = false
python-versions = "*"

[metadata]
lock-version = "1.1"
python-versions = ">=3.8"
content-hash = "4de461e6f02648ab0ef8aa0d7b18d55271c83fc1a21dbf50768c282128ca953d"

[metadata.files]
protobuf = [
    {file = "protobuf-4.23.3-cp310-abi3-win32.whl", hash = "sha256:514b6bbd54a41ca50c86dd5ad6488afe9505901b3557c5e0f7823a0cf67106fb"},
    {file = "protobuf-4.23.3-cp310-abi3-win_amd64.whl", hash = "sha256:cc14358a8742c4e06b1bfe4be1afbdf5c9f6bd094dff3e14edb78a1513893ff5"},
    {file = "protobuf-4.23.3-cp37-abi3-macosx_10_9_universal2.whl", hash = "sha256:2991f5e7690dab569f8f81702e6700e7364cc3b5e572725098215d3da5ccc6ac"},
    {file = "protobuf-4.23.3-cp37-abi3-manylinux2014_aarch64.whl", hash = "sha256:08fe19d267608d438aa37019236db02b306e33f6b9902c3163838b8e75970223"},
    {file = "protobuf-4.23.3-cp37-abi3-manylinux2014_x86_64.whl", hash = "sha256:3b01a5274ac920feb75d0b372d901524f7e3ad39c63b1a2d55043f3887afe0c1"},
    {file = "protobuf-4.23.3-cp37-cp37m-win32.whl", hash = "sha256:aca6e86a08c5c5962f55eac9b5bd6fce6ed98645d77e8bfc2b952ecd4a8e4f6a"},
    {file = "protobuf-4.23.3-cp37-cp37m-win_amd64.whl", hash = "sha256:0149053336a466e3e0b040e54d0b615fc71de86da66791c592cc3c8d18150bf8"},
    {file = "protobuf-4.23.3-cp38-cp38-win32.whl", hash = "sha256:84ea0bd90c2fdd70ddd9f3d3fc0197cc24ecec1345856c2b5ba70e4d99815359"},
    {file = "protobuf-4.23.3-cp38-cp38-win_amd64.whl", hash = "sha256:3bcbeb2bf4bb61fe960dd6e005801a23a43578200ea8ceb726d1f6bd0e562ba1"},
    {file = "protobuf-4.23.3-cp39-cp39-win32.whl", hash = "sha256:5cb9e41188737f321f4fce9a4337bf40a5414b8d03227e1d9fbc59bc3a216e35"},
    {file = "protobuf-4.23.3-cp39-cp39-win_amd64.whl", hash = "sha256:29660574cd769f2324a57fb78127cda59327eb6664381ecfe1c69731b83e8288"},
    {file = "protobuf-4.23.3-py3-none-any.whl", hash = "sha256:447b9786ac8e50ae72cae7a2eec5c5df6a9dbf9aa6f908f1b8bda6032644ea62"},
    {file = "protobuf-4.23.3.tar.gz", hash = "sha256:7a92beb30600332a52cdadbedb40d33fd7c8a0d7f549c440347bc606fb3fe34b"},
]
types-protobuf = [
    {file = "types-protobuf-3.20.4.6.tar.gz", hash = "sha256:ba27443c592bbec1629dd69494a24c84461c63f0d3b7d648ce258aaae9680965"},
    {file = "types_protobuf-3.20.4.6-py3-none-any.whl", hash = "sha256:ab2d315ba82246b83d28f8797c98dc0fe1dd5cfd187909e56faf87239aedaae3"},
]
